
Microsoft Visual Studio Solution File, Format Version 12.00
# Visual Studio 15
Project("{FAE04EC0-301F-11D3-BF4B-00C04F79EFBC}") = "Assembly-CSharp", "Assembly-CSharp.csproj", "{DC2D40CA-B794-439F-10BC-F0E7408D1AA8}"
EndProject
Project("{FAE04EC0-301F-11D3-BF4B-00C04F79EFBC}") = "Assembly-CSharp-Editor", "Assembly-CSharp-Editor.csproj", "{91048915-FE25-1E0E-55B9-6958BC1F3435}"
EndProject
Global
	GlobalSection(SolutionConfigurationPlatforms) = preSolution
		Debug|Any CPU = Debug|Any CPU
		Release|Any CPU = Release|Any CPU
	EndGlobalSection
	GlobalSection(ProjectConfigurationPlatforms) = postSolution
		{DC2D40CA-B794-439F-10BC-F0E7408D1AA8}.Debug|Any CPU.ActiveCfg = Debug|Any CPU
		{DC2D40CA-B794-439F-10BC-F0E7408D1AA8}.Debug|Any CPU.Build.0 = Debug|Any CPU
		{DC2D40CA-B794-439F-10BC-F0E7408D1AA8}.Release|Any CPU.ActiveCfg = Release|Any CPU
		{DC2D40CA-B794-439F-10BC-F0E7408D1AA8}.Release|Any CPU.Build.0 = Release|Any CPU
		{91048915-FE25-1E0E-55B9-6958BC1F3435}.Debug|Any CPU.ActiveCfg = Debug|Any CPU
		{91048915-FE25-1E0E-55B9-6958BC1F3435}.Debug|Any CPU.Build.0 = Debug|Any CPU
		{91048915-FE25-1E0E-55B9-6958BC1F3435}.Release|Any CPU.ActiveCfg = Release|Any CPU
		{91048915-FE25-1E0E-55B9-6958BC1F3435}.Release|Any CPU.Build.0 = Release|Any CPU
	EndGlobalSection
	GlobalSection(SolutionProperties) = preSolution
		HideSolutionNode = FALSE
	EndGlobalSection
EndGlobal
